
Microsoft Visual Studio Solution File, Format Version 12.00
# Visual Studio Version 16
VisualStudioVersion = 16.0.31515.178
MinimumVisualStudioVersion = 10.0.40219.1
Project("{8BC9CEB8-8B4A-11D0-8D11-00A0C91BC942}") = "graphic1", "graphic1\graphic1.vcxproj", "{278EBFFD-6125-47D2-93DD-69B4770DEBEE}"
EndProject
Global
	GlobalSection(SolutionConfigurationPlatforms) = preSolution
		Debug|x64 = Debug|x64
		Debug|x86 = Debug|x86
		Release|x64 = Release|x64
		Release|x86 = Release|x86
	EndGlobalSection
	GlobalSection(ProjectConfigurationPlatforms) = postSolution
		{278EBFFD-6125-47D2-93DD-69B4770DEBEE}.Debug|x64.ActiveCfg = Debug|x64
		{278EBFFD-6125-47D2-93DD-69B4770DEBEE}.Debug|x64.Build.0 = Debug|x64
		{278EBFFD-6125-47D2-93DD-69B4770DEBEE}.Debug|x86.ActiveCfg = Debug|Win32
		{278EBFFD-6125-47D2-93DD-69B4770DEBEE}.Debug|x86.Build.0 = Debug|Win32
		{278EBFFD-6125-47D2-93DD-69B4770DEBEE}.Release|x64.ActiveCfg = Release|x64
		{278EBFFD-6125-47D2-93DD-69B4770DEBEE}.Release|x64.Build.0 = Release|x64
		{278EBFFD-6125-47D2-93DD-69B4770DEBEE}.Release|x86.ActiveCfg = Release|Win32
		{278EBFFD-6125-47D2-93DD-69B4770DEBEE}.Release|x86.Build.0 = Release|Win32
	EndGlobalSection
	GlobalSection(SolutionProperties) = preSolution
		HideSolutionNode = FALSE
	EndGlobalSection
	GlobalSection(ExtensibilityGlobals) = postSolution
		SolutionGuid = {48DFE587-A096-40FB-836B-827064C27112}
	EndGlobalSection
EndGlobal
